
Microsoft Visual Studio Solution File, Format Version 12.00
# Visual Studio Version 17
VisualStudioVersion = 17.14.36408.4
MinimumVisualStudioVersion = 10.0.40219.1
Project("{FAE04EC0-301F-11D3-BF4B-00C04F79EFBC}") = "CMDevicesManager", "CMDevicesManager.csproj", "{7F12907E-991F-4CE4-96EA-143A8EBF4D42}"
EndProject
Project("{FAE04EC0-301F-11D3-BF4B-00C04F79EFBC}") = "HIDTestDemo", "HidProtocol\HIDTestDemo\HIDTestDemo\HIDTestDemo.csproj", "{CAB80842-9594-131C-0E1D-36A07DC0C53B}"
	ProjectSection(ProjectDependencies) = postProject
		{5BE5A037-4690-49D3-936D-2243C1162F72} = {5BE5A037-4690-49D3-936D-2243C1162F72}
	EndProjectSection
EndProject
Project("{FAE04EC0-301F-11D3-BF4B-00C04F79EFBC}") = "HidHelper", "HidProtocol\HidHelper\HidHelper.csproj", "{5BE5A037-4690-49D3-936D-2243C1162F72}"
EndProject
Project("{FAE04EC0-301F-11D3-BF4B-00C04F79EFBC}") = "CDMDevicesManagerWinUI3", "WinUI3\CDMDevicesManagerWinUI3\CDMDevicesManagerWinUI3.csproj", "{2FA5D5D2-5CE0-4CD7-91E7-9291C79BF11A}"
Project("{FAE04EC0-301F-11D3-BF4B-00C04F79EFBC}") = "WinUI3Demo", "WinUI3\WinUI3Demo\WinUI3Demo.csproj", "{083F6BAB-2C0B-7683-9848-90C6D4199A95}"
EndProject
Global
	GlobalSection(SolutionConfigurationPlatforms) = preSolution
		Debug|Any CPU = Debug|Any CPU
		Release|Any CPU = Release|Any CPU
	EndGlobalSection
	GlobalSection(ProjectConfigurationPlatforms) = postSolution
		{7F12907E-991F-4CE4-96EA-143A8EBF4D42}.Debug|Any CPU.ActiveCfg = Debug|Any CPU
		{7F12907E-991F-4CE4-96EA-143A8EBF4D42}.Debug|Any CPU.Build.0 = Debug|Any CPU
		{7F12907E-991F-4CE4-96EA-143A8EBF4D42}.Release|Any CPU.ActiveCfg = Release|Any CPU
		{7F12907E-991F-4CE4-96EA-143A8EBF4D42}.Release|Any CPU.Build.0 = Release|Any CPU
		{CAB80842-9594-131C-0E1D-36A07DC0C53B}.Debug|Any CPU.ActiveCfg = Debug|Any CPU
		{CAB80842-9594-131C-0E1D-36A07DC0C53B}.Debug|Any CPU.Build.0 = Debug|Any CPU
		{CAB80842-9594-131C-0E1D-36A07DC0C53B}.Release|Any CPU.ActiveCfg = Release|Any CPU
		{CAB80842-9594-131C-0E1D-36A07DC0C53B}.Release|Any CPU.Build.0 = Release|Any CPU
		{5BE5A037-4690-49D3-936D-2243C1162F72}.Debug|Any CPU.ActiveCfg = Debug|Any CPU
		{5BE5A037-4690-49D3-936D-2243C1162F72}.Debug|Any CPU.Build.0 = Debug|Any CPU
		{5BE5A037-4690-49D3-936D-2243C1162F72}.Release|Any CPU.ActiveCfg = Release|Any CPU
		{5BE5A037-4690-49D3-936D-2243C1162F72}.Release|Any CPU.Build.0 = Release|Any CPU
		{2FA5D5D2-5CE0-4CD7-91E7-9291C79BF11A}.Debug|Any CPU.ActiveCfg = Debug|x64
		{2FA5D5D2-5CE0-4CD7-91E7-9291C79BF11A}.Debug|Any CPU.Build.0 = Debug|x64
		{2FA5D5D2-5CE0-4CD7-91E7-9291C79BF11A}.Debug|Any CPU.Deploy.0 = Debug|x64
		{2FA5D5D2-5CE0-4CD7-91E7-9291C79BF11A}.Release|Any CPU.ActiveCfg = Release|x64
		{2FA5D5D2-5CE0-4CD7-91E7-9291C79BF11A}.Release|Any CPU.Build.0 = Release|x64
		{2FA5D5D2-5CE0-4CD7-91E7-9291C79BF11A}.Release|Any CPU.Deploy.0 = Release|x64
		{083F6BAB-2C0B-7683-9848-90C6D4199A95}.Debug|Any CPU.ActiveCfg = Debug|x64
		{083F6BAB-2C0B-7683-9848-90C6D4199A95}.Debug|Any CPU.Build.0 = Debug|x64
		{083F6BAB-2C0B-7683-9848-90C6D4199A95}.Debug|Any CPU.Deploy.0 = Debug|x64
		{083F6BAB-2C0B-7683-9848-90C6D4199A95}.Release|Any CPU.ActiveCfg = Release|x64
		{083F6BAB-2C0B-7683-9848-90C6D4199A95}.Release|Any CPU.Build.0 = Release|x64
		{083F6BAB-2C0B-7683-9848-90C6D4199A95}.Release|Any CPU.Deploy.0 = Release|x64
	EndGlobalSection
	GlobalSection(SolutionProperties) = preSolution
		HideSolutionNode = FALSE
	EndGlobalSection
	GlobalSection(ExtensibilityGlobals) = postSolution
		SolutionGuid = {6D7744D0-3CA9-4928-B613-ABAA454534C0}
	EndGlobalSection
EndGlobal
